# This file is machine-generated by `gh actions-lock`.
# Do not edit by hand; run `gh actions-lock` to update.
# Docs: https://gh.io/actions-lockfile
version: 'v0.0.2'
workflows:
    '.github/workflows/action-lint.yml':
        - 'actions/checkout@v7.0.1'
        - 'reviewdog/action-actionlint@v1.77.0'
        - 'zizmorcore/zizmor-action@v0.6.4'
    '.github/workflows/backend-ci.yml':
        - 'actions/cache@v6.1.0'
        - 'actions/checkout@v7.0.1'
        - 'actions/setup-go@v7.0.0'
        - 'actions/setup-node@v7.0.0'
        - 'actions/upload-artifact@v7.0.1'
        - 'fgrosse/go-coverage-report@v1.4.0'
        - 'golangci/golangci-lint-action@v9.3.0'
        - 'jdx/mise-action@v4.3.0'
        - 'pnpm/action-setup@v6.1.0'
    '.github/workflows/markdown-lint.yml':
        - 'actions/checkout@v7.0.1'
        - 'jdx/mise-action@v4.3.0'
    '.github/workflows/schema-ci.yml':
        - 'actions/checkout@v7.0.1'
        - 'actions/setup-node@v7.0.0'
        - 'pnpm/action-setup@v6.1.0'
    '.github/workflows/ui-ci.yml':
        - 'actions/checkout@v7.0.1'
        - 'actions/setup-node@v7.0.0'
        - 'pnpm/action-setup@v6.1.0'
    '.github/workflows/web-ci.yml':
        - 'actions/cache@v6.1.0'
        - 'actions/checkout@v7.0.1'
        - 'actions/setup-node@v7.0.0'
        - 'pnpm/action-setup@v6.1.0'
dependencies:
    'actions/cache@v6.1.0':
        ref: 'v6.1.0'
        commit: 'sha1-55cc8345863c7cc4c66a329aec7e433d2d1c52a9'
        owner_id: 44036562
        repo_id: 215566462
    'actions/checkout@v7.0.1':
        ref: 'v7.0.1'
        commit: 'sha1-3d3c42e5aac5ba805825da76410c181273ba90b1'
        owner_id: 44036562
        repo_id: 197814629
    'actions/setup-go@v7.0.0':
        ref: 'v7.0.0'
        commit: 'sha1-b7ad1dad31e06c5925ef5d2fc7ad053ef454303e'
        owner_id: 44036562
        repo_id: 192624594
    'actions/setup-node@v7.0.0':
        ref: 'v7.0.0'
        commit: 'sha1-820762786026740c76f36085b0efc47a31fe5020'
        owner_id: 44036562
        repo_id: 189476904
    'actions/upload-artifact@v7.0.1':
        ref: 'v7.0.1'
        commit: 'sha1-043fb46d1a93c77aae656e7c1c64a875d1fc6a0a'
        owner_id: 44036562
        repo_id: 192625955
    'fgrosse/go-coverage-report@v1.4.0':
        ref: 'v1.4.0'
        commit: 'sha1-2eb52af4e808426e2d4edd850ff8c9ca14fce029'
        owner_id: 733004
        repo_id: 770420968
        uses:
            - 'tj-actions/changed-files@9426d40962ed5378910ee2e21d5f8c6fcbf2dd96'
    'github/codeql-action@cdf488f595d80d6e07e03d4674febd5ab45fa938':
        ref: 'v4.37.9'
        commit: 'sha1-cdf488f595d80d6e07e03d4674febd5ab45fa938'
        owner_id: 9919
        repo_id: 259445878
    'golangci/golangci-lint-action@v9.3.0':
        ref: 'v9.3.0'
        commit: 'sha1-ba0d7d2ec06a0ea1cb5fa41b2e4a3ab91d21278a'
        owner_id: 35628013
        repo_id: 232539879
    'jdx/mise-action@v4.3.0':
        ref: 'v4.3.0'
        commit: 'sha1-c2a87611a18de5b3828c5652fe268e992400cb5c'
        owner_id: 216188
        repo_id: 738284564
    'pnpm/action-setup@v6.1.0':
        ref: 'v6.1.0'
        commit: 'sha1-ea17c68df8912ef543352723c149a84f56e3d413'
        owner_id: 21320719
        repo_id: 262289747
    'reviewdog/action-actionlint@v1.77.0':
        ref: 'v1.77.0'
        commit: 'sha1-2085657ab2c7f48c58edcc767fba576f63bea76b'
        owner_id: 48765237
        repo_id: 385059686
    'tj-actions/changed-files@9426d40962ed5378910ee2e21d5f8c6fcbf2dd96':
        ref: 'v47.0.6'
        commit: 'sha1-9426d40962ed5378910ee2e21d5f8c6fcbf2dd96'
        owner_id: 67116787
        repo_id: 344672439
    'zizmorcore/zizmor-action@v0.6.4':
        ref: 'v0.6.4'
        commit: 'sha1-cc914d7f3750a2d13d75c7f184a1060aa0e9d482'
        owner_id: 210636713
        repo_id: 985558803
        uses:
            - 'github/codeql-action@cdf488f595d80d6e07e03d4674febd5ab45fa938'
